
Microsoft Visual Studio Solution File, Format Version 12.00
# Visual Studio 15
VisualStudioVersion = 15.0.28010.2048
MinimumVisualStudioVersion = 10.0.40219.1
Project("{8BC9CEB8-8B4A-11D0-8D11-00A0C91BC942}") = "MFCListCtrl", "MFCListCtrl\MFCListCtrl.vcxproj", "{EA67A74D-9A01-4C1D-8E93-776A3E3907EF}"
EndProject
Global
	GlobalSection(SolutionConfigurationPlatforms) = preSolution
		Debug|x64 = Debug|x64
		Debug|x86 = Debug|x86
		Release|x64 = Release|x64
		Release|x86 = Release|x86
	EndGlobalSection
	GlobalSection(ProjectConfigurationPlatforms) = postSolution
		{EA67A74D-9A01-4C1D-8E93-776A3E3907EF}.Debug|x64.ActiveCfg = Debug|x64
		{EA67A74D-9A01-4C1D-8E93-776A3E3907EF}.Debug|x64.Build.0 = Debug|x64
		{EA67A74D-9A01-4C1D-8E93-776A3E3907EF}.Debug|x86.ActiveCfg = Debug|Win32
		{EA67A74D-9A01-4C1D-8E93-776A3E3907EF}.Debug|x86.Build.0 = Debug|Win32
		{EA67A74D-9A01-4C1D-8E93-776A3E3907EF}.Release|x64.ActiveCfg = Release|x64
		{EA67A74D-9A01-4C1D-8E93-776A3E3907EF}.Release|x64.Build.0 = Release|x64
		{EA67A74D-9A01-4C1D-8E93-776A3E3907EF}.Release|x86.ActiveCfg = Release|Win32
		{EA67A74D-9A01-4C1D-8E93-776A3E3907EF}.Release|x86.Build.0 = Release|Win32
	EndGlobalSection
	GlobalSection(SolutionProperties) = preSolution
		HideSolutionNode = FALSE
	EndGlobalSection
	GlobalSection(ExtensibilityGlobals) = postSolution
		SolutionGuid = {AEB41384-2C40-4F2E-A98B-C31FBF22E140}
	EndGlobalSection
EndGlobal
