
Microsoft Visual Studio Solution File, Format Version 12.00
# Visual Studio 15
VisualStudioVersion = 15.0.28010.2048
MinimumVisualStudioVersion = 10.0.40219.1
Project("{8BC9CEB8-8B4A-11D0-8D11-00A0C91BC942}") = "MFCTreeCtrl", "MFCTreeCtrl\MFCTreeCtrl.vcxproj", "{FFFFF2F9-16BA-4265-8DE6-60AAFE358978}"
EndProject
Global
	GlobalSection(SolutionConfigurationPlatforms) = preSolution
		Debug|x64 = Debug|x64
		Debug|x86 = Debug|x86
		Release|x64 = Release|x64
		Release|x86 = Release|x86
	EndGlobalSection
	GlobalSection(ProjectConfigurationPlatforms) = postSolution
		{FFFFF2F9-16BA-4265-8DE6-60AAFE358978}.Debug|x64.ActiveCfg = Debug|x64
		{FFFFF2F9-16BA-4265-8DE6-60AAFE358978}.Debug|x64.Build.0 = Debug|x64
		{FFFFF2F9-16BA-4265-8DE6-60AAFE358978}.Debug|x86.ActiveCfg = Debug|Win32
		{FFFFF2F9-16BA-4265-8DE6-60AAFE358978}.Debug|x86.Build.0 = Debug|Win32
		{FFFFF2F9-16BA-4265-8DE6-60AAFE358978}.Release|x64.ActiveCfg = Release|x64
		{FFFFF2F9-16BA-4265-8DE6-60AAFE358978}.Release|x64.Build.0 = Release|x64
		{FFFFF2F9-16BA-4265-8DE6-60AAFE358978}.Release|x86.ActiveCfg = Release|Win32
		{FFFFF2F9-16BA-4265-8DE6-60AAFE358978}.Release|x86.Build.0 = Release|Win32
	EndGlobalSection
	GlobalSection(SolutionProperties) = preSolution
		HideSolutionNode = FALSE
	EndGlobalSection
	GlobalSection(ExtensibilityGlobals) = postSolution
		SolutionGuid = {957916EB-0C93-4ED0-AB4E-2E892A67C4B8}
	EndGlobalSection
EndGlobal
