
Microsoft Visual Studio Solution File, Format Version 11.00
# Visual Studio 2010
Project("{8BC9CEB8-8B4A-11D0-8D11-00A0C91BC942}") = "SaleSystem", "SaleSystem\SaleSystem.vcxproj", "{F5CD44AA-56E8-4B94-B816-209A748D4F10}"
EndProject
Global
	GlobalSection(SolutionConfigurationPlatforms) = preSolution
		Debug|Win32 = Debug|Win32
		Release|Win32 = Release|Win32
	EndGlobalSection
	GlobalSection(ProjectConfigurationPlatforms) = postSolution
		{F5CD44AA-56E8-4B94-B816-209A748D4F10}.Debug|Win32.ActiveCfg = Debug|Win32
		{F5CD44AA-56E8-4B94-B816-209A748D4F10}.Debug|Win32.Build.0 = Debug|Win32
		{F5CD44AA-56E8-4B94-B816-209A748D4F10}.Release|Win32.ActiveCfg = Release|Win32
		{F5CD44AA-56E8-4B94-B816-209A748D4F10}.Release|Win32.Build.0 = Release|Win32
	EndGlobalSection
	GlobalSection(SolutionProperties) = preSolution
		HideSolutionNode = FALSE
	EndGlobalSection
EndGlobal
